
Microsoft Visual Studio Solution File, Format Version 12.00
# Visual Studio Version 17
VisualStudioVersion = 17.1.32328.378
MinimumVisualStudioVersion = 10.0.40219.1
Project("{FAE04EC0-301F-11D3-BF4B-00C04F79EFBC}") = "TodoApi", "TodoApi\TodoApi.csproj", "{C9C0736E-A87D-4E28-8879-742923677921}"
EndProject
Global
	GlobalSection(SolutionConfigurationPlatforms) = preSolution
		Debug|Any CPU = Debug|Any CPU
		Release|Any CPU = Release|Any CPU
	EndGlobalSection
	GlobalSection(ProjectConfigurationPlatforms) = postSolution
		{C9C0736E-A87D-4E28-8879-742923677921}.Debug|Any CPU.ActiveCfg = Debug|Any CPU
		{C9C0736E-A87D-4E28-8879-742923677921}.Debug|Any CPU.Build.0 = Debug|Any CPU
		{C9C0736E-A87D-4E28-8879-742923677921}.Release|Any CPU.ActiveCfg = Release|Any CPU
		{C9C0736E-A87D-4E28-8879-742923677921}.Release|Any CPU.Build.0 = Release|Any CPU
	EndGlobalSection
	GlobalSection(SolutionProperties) = preSolution
		HideSolutionNode = FALSE
	EndGlobalSection
	GlobalSection(ExtensibilityGlobals) = postSolution
		SolutionGuid = {6C0C7E23-87A5-4CB1-A1D7-9450FE6DF749}
	EndGlobalSection
EndGlobal
